# This file is automatically @generated by Cargo.
# It is not intended for manual editing.
[[package]]
name = "fountain-converter"
version = "0.1.0"
dependencies = [
 "unicode_categories",
]

[[package]]
name = "unicode_categories"
version = "0.1.1"
source = "registry+https://github.com/rust-lang/crates.io-index"
checksum = "39ec24b3121d976906ece63c9daad25b85969647682eee313cb5779fdd69e14e"
